github.com/beefsack/go-astar v0.0.0-20200827232313-4ecf9e304482 h1:p4g4uok3+r6Tg6fxXEQUAcMAX/WdK6WhkQW9s0jaT7k=
github.com/beefsack/go-astar v0.0.0-20200827232313-4ecf9e304482/go.mod h1:Cu3t5VeqE8kXjUBeNXWQprfuaP5UCIc5ggGjgMx9KFc=
github.com/davecgh/go-spew v1.1.1 h1:vj9j/u1bqnvCEfJOwUhtlOARqs3+rkHYY13jYWTU97c=
github.com/davecgh/go-spew v1.1.1/go.mod h1:J7Y8YcW2NihsgmVo/mv3lAwl/skON4iLHjSsI+c5H38=
github.com/deckarep/golang-set/v2 v2.9.0 h1:prva4eP9UysWagLyKrtn074ughi0NnkIf0A4M5yOCKI=
github.com/deckarep/golang-set/v2 v2.9.0/go.mod h1:EWknQXbs0mcFpat2QOoXV0Ee57cD+w6ZEN76BR2JVrM=
github.com/ebitengine/purego v0.8.1 h1:sdRKd6plj7KYW33EH5As6YKfe8m9zbN9JMrOjNVF/BE=
github.com/ebitengine/purego v0.8.1/go.mod h1:iIjxzd6CiRiOG0UyXP+V1+jWqUXVjPKLAI0mRfJZTmQ=
github.com/gen2brain/raylib-go/raygui v0.0.0-20250617194346-eddd038123ee h1:OjPt6gJdmxE9p1hVtSCc5WAixk4lG0ExJ70cBoENZd0=
github.com/gen2brain/raylib-go/raygui v0.0.0-20250617194346-eddd038123ee/go.mod h1:Ji/uPEko2AUkcyPLAelEUa+E8Npc89/XY5Fo/lS/e3I=
github.com/gen2brain/raylib-go/raylib v0.0.0-20250504022611-e6017e5fc409 h1:xo23EKPHzdGzS7j/3Os+nuCg46nZojtfHVZlmFxIFUM=
github.com/gen2brain/raylib-go/raylib v0.0.0-20250504022611-e6017e5fc409/go.mod h1:BaY76bZk7nw1/kVOSQObPY1v1iwVE1KHAGMfvI6oK1Q=
github.com/geniot/digger v0.0.0-20231116212603-308dbb7441c9 h1:JPzYotRYm+1Cb3qSJOi+Cp0cKeIirncB1xHmFLdsRwg=
github.com/geniot/digger v0.0.0-20231116212603-308dbb7441c9/go.mod h1:hTjSmVrUTg09LEjqhFwVANgT3AZuIZummnEctTIqqs4=
github.com/google/go-cmp v0.6.0 h1:ofyhxvXcZhMsU5ulbFiLKl/XBFqE1GSq7atu8tAmTRI=
github.com/google/go-cmp v0.6.0/go.mod h1:17dUlkBOakJ0+DkrSSNjCkIjxS6bF9zb3elmeNGIjoY=
github.com/magiconair/properties v1.8.10 h1:s31yESBquKXCV9a/ScB3ESkOjUYYv+X0rg8SYxI99mE=
github.com/magiconair/properties v1.8.10/go.mod h1:Dhd985XPs7jluiymwWYZ0G4Z61jb3vdS329zhj2hYo0=
github.com/solarlune/resolv v0.8.1 h1:QkjnTJYB59EJmw+0+f52UbfE149ERU4FTCRICJTYz9k=
github.com/solarlune/resolv v0.8.1/go.mod h1:iqRbXy78XQ7aDXGZY3abI41Wr80Yv1DqnxzzPvGG6yE=
github.com/tevino/abool/v2 v2.1.0 h1:7w+Vf9f/5gmKT4m4qkayb33/92M+Um45F2BkHOR+L/c=
github.com/tevino/abool/v2 v2.1.0/go.mod h1:+Lmlqk6bHDWHqN1cbxqhwEAwMPXgc8I1SDEamtseuXY=
github.com/veandco/go-sdl2 v0.4.40 h1:fZv6wC3zz1Xt167P09gazawnpa0KY5LM7JAvKpX9d/U=
github.com/veandco/go-sdl2 v0.4.40/go.mod h1:OROqMhHD43nT4/i9crJukyVecjPNYYuCofep6SNiAjY=
go.mongodb.org/mongo-driver v1.17.4 h1:jUorfmVzljjr0FLzYQsGP8cgN/qzzxlY9Vh0C9KFXVw=
go.mongodb.org/mongo-driver v1.17.4/go.mod h1:Hy04i7O2kC4RS06ZrhPRqj/u4DTYkFDAAccj+rVKqgQ=
golang.org/x/exp v0.0.0-20241108190413-2d47ceb2692f h1:XdNn9LlyWAhLVp6P/i8QYBW+hlyhrhei9uErw2B5GJo=
golang.org/x/exp v0.0.0-20241108190413-2d47ceb2692f/go.mod h1:D5SMRVC3C2/4+F/DB1wZsLRnSNimn2Sp/NPsCrsv8ak=
golang.org/x/sys v0.32.0 h1:s77OFDvIQeibCmezSnk/q6iAfkdiQaJi4VzroCFrN20=
golang.org/x/sys v0.32.0/go.mod h1:BJP2sWEmIv4KK5OTEluFJCKSidICx8ciO85XgH3Ak8k=
